
Microsoft Visual Studio Solution File, Format Version 12.00
# Visual Studio Version 17
VisualStudioVersion = 17.2.32526.322
MinimumVisualStudioVersion = 10.0.40219.1
Project("{FAE04EC0-301F-11D3-BF4B-00C04F79EFBC}") = "Labb3Xunit", "Labb3Xunit\Labb3Xunit.csproj", "{60E2242B-C898-48A9-AEEF-429A2769DBBD}"
EndProject
Project("{FAE04EC0-301F-11D3-BF4B-00C04F79EFBC}") = "CalcTest", "CalcTest\CalcTest.csproj", "{1FC468B8-1FFD-4D85-8C51-6C966F12CF5E}"
EndProject
Global
	GlobalSection(SolutionConfigurationPlatforms) = preSolution
		Debug|Any CPU = Debug|Any CPU
		Release|Any CPU = Release|Any CPU
	EndGlobalSection
	GlobalSection(ProjectConfigurationPlatforms) = postSolution
		{60E2242B-C898-48A9-AEEF-429A2769DBBD}.Debug|Any CPU.ActiveCfg = Debug|Any CPU
		{60E2242B-C898-48A9-AEEF-429A2769DBBD}.Debug|Any CPU.Build.0 = Debug|Any CPU
		{60E2242B-C898-48A9-AEEF-429A2769DBBD}.Release|Any CPU.ActiveCfg = Release|Any CPU
		{60E2242B-C898-48A9-AEEF-429A2769DBBD}.Release|Any CPU.Build.0 = Release|Any CPU
		{1FC468B8-1FFD-4D85-8C51-6C966F12CF5E}.Debug|Any CPU.ActiveCfg = Debug|Any CPU
		{1FC468B8-1FFD-4D85-8C51-6C966F12CF5E}.Debug|Any CPU.Build.0 = Debug|Any CPU
		{1FC468B8-1FFD-4D85-8C51-6C966F12CF5E}.Release|Any CPU.ActiveCfg = Release|Any CPU
		{1FC468B8-1FFD-4D85-8C51-6C966F12CF5E}.Release|Any CPU.Build.0 = Release|Any CPU
	EndGlobalSection
	GlobalSection(SolutionProperties) = preSolution
		HideSolutionNode = FALSE
	EndGlobalSection
	GlobalSection(ExtensibilityGlobals) = postSolution
		SolutionGuid = {7EF12F6F-BAC7-43A0-BC6C-7E16F8F945AA}
	EndGlobalSection
EndGlobal
